
Microsoft Visual Studio Solution File, Format Version 12.00
# Visual Studio Version 17
VisualStudioVersion = 17.6.33829.357
MinimumVisualStudioVersion = 10.0.40219.1
Project("{FAE04EC0-301F-11D3-BF4B-00C04F79EFBC}") = "Q1", "Q1.csproj", "{6DE491B2-5050-4E1A-8252-62749BB67813}"
EndProject
Global
	GlobalSection(SolutionConfigurationPlatforms) = preSolution
		Debug|Any CPU = Debug|Any CPU
		Release|Any CPU = Release|Any CPU
	EndGlobalSection
	GlobalSection(ProjectConfigurationPlatforms) = postSolution
		{6DE491B2-5050-4E1A-8252-62749BB67813}.Debug|Any CPU.ActiveCfg = Debug|Any CPU
		{6DE491B2-5050-4E1A-8252-62749BB67813}.Debug|Any CPU.Build.0 = Debug|Any CPU
		{6DE491B2-5050-4E1A-8252-62749BB67813}.Release|Any CPU.ActiveCfg = Release|Any CPU
		{6DE491B2-5050-4E1A-8252-62749BB67813}.Release|Any CPU.Build.0 = Release|Any CPU
	EndGlobalSection
	GlobalSection(SolutionProperties) = preSolution
		HideSolutionNode = FALSE
	EndGlobalSection
	GlobalSection(ExtensibilityGlobals) = postSolution
		SolutionGuid = {CFFBDC54-4A4D-4DAD-8657-520A9202C70D}
	EndGlobalSection
EndGlobal
