
Microsoft Visual Studio Solution File, Format Version 12.00
# Visual Studio Version 17
VisualStudioVersion = 17.6.33829.357
MinimumVisualStudioVersion = 10.0.40219.1
Project("{FAE04EC0-301F-11D3-BF4B-00C04F79EFBC}") = "Q4", "Q4.csproj", "{BA07779A-7980-4017-AD06-6ED56E12A908}"
EndProject
Global
	GlobalSection(SolutionConfigurationPlatforms) = preSolution
		Debug|Any CPU = Debug|Any CPU
		Release|Any CPU = Release|Any CPU
	EndGlobalSection
	GlobalSection(ProjectConfigurationPlatforms) = postSolution
		{BA07779A-7980-4017-AD06-6ED56E12A908}.Debug|Any CPU.ActiveCfg = Debug|Any CPU
		{BA07779A-7980-4017-AD06-6ED56E12A908}.Debug|Any CPU.Build.0 = Debug|Any CPU
		{BA07779A-7980-4017-AD06-6ED56E12A908}.Release|Any CPU.ActiveCfg = Release|Any CPU
		{BA07779A-7980-4017-AD06-6ED56E12A908}.Release|Any CPU.Build.0 = Release|Any CPU
	EndGlobalSection
	GlobalSection(SolutionProperties) = preSolution
		HideSolutionNode = FALSE
	EndGlobalSection
	GlobalSection(ExtensibilityGlobals) = postSolution
		SolutionGuid = {B756A855-6B68-4B14-85C3-5EDC60E8CFD3}
	EndGlobalSection
EndGlobal
